
Microsoft Visual Studio Solution File, Format Version 12.00
# Visual Studio Version 17
VisualStudioVersion = 17.7.34031.279
MinimumVisualStudioVersion = 10.0.40219.1
Project("{FAE04EC0-301F-11D3-BF4B-00C04F79EFBC}") = "edsonluizcandido", "edsonluizcandido.csproj", "{00121FF0-BA57-44B5-BFD1-606310ECB0EC}"
EndProject
Global
	GlobalSection(SolutionConfigurationPlatforms) = preSolution
		Debug|Any CPU = Debug|Any CPU
		Release|Any CPU = Release|Any CPU
	EndGlobalSection
	GlobalSection(ProjectConfigurationPlatforms) = postSolution
		{00121FF0-BA57-44B5-BFD1-606310ECB0EC}.Debug|Any CPU.ActiveCfg = Debug|Any CPU
		{00121FF0-BA57-44B5-BFD1-606310ECB0EC}.Debug|Any CPU.Build.0 = Debug|Any CPU
		{00121FF0-BA57-44B5-BFD1-606310ECB0EC}.Release|Any CPU.ActiveCfg = Release|Any CPU
		{00121FF0-BA57-44B5-BFD1-606310ECB0EC}.Release|Any CPU.Build.0 = Release|Any CPU
	EndGlobalSection
	GlobalSection(SolutionProperties) = preSolution
		HideSolutionNode = FALSE
	EndGlobalSection
	GlobalSection(ExtensibilityGlobals) = postSolution
		SolutionGuid = {4328820A-2557-4848-8A78-27BF1F71FF54}
	EndGlobalSection
EndGlobal
